
Microsoft Visual Studio Solution File, Format Version 12.00
# Visual Studio Version 17
VisualStudioVersion = 17.9.34622.214
MinimumVisualStudioVersion = 10.0.40219.1
Project("{FAE04EC0-301F-11D3-BF4B-00C04F79EFBC}") = "SimpleCalc", "SimpleCalc.csproj", "{E4CE376F-4A23-4D52-8C36-9BFA301825DD}"
EndProject
Global
	GlobalSection(SolutionConfigurationPlatforms) = preSolution
		Debug|Any CPU = Debug|Any CPU
		Release|Any CPU = Release|Any CPU
	EndGlobalSection
	GlobalSection(ProjectConfigurationPlatforms) = postSolution
		{E4CE376F-4A23-4D52-8C36-9BFA301825DD}.Debug|Any CPU.ActiveCfg = Debug|Any CPU
		{E4CE376F-4A23-4D52-8C36-9BFA301825DD}.Debug|Any CPU.Build.0 = Debug|Any CPU
		{E4CE376F-4A23-4D52-8C36-9BFA301825DD}.Release|Any CPU.ActiveCfg = Release|Any CPU
		{E4CE376F-4A23-4D52-8C36-9BFA301825DD}.Release|Any CPU.Build.0 = Release|Any CPU
	EndGlobalSection
	GlobalSection(SolutionProperties) = preSolution
		HideSolutionNode = FALSE
	EndGlobalSection
	GlobalSection(ExtensibilityGlobals) = postSolution
		SolutionGuid = {5676804D-F1AB-4A4B-8799-8BFEDE7C7E72}
	EndGlobalSection
EndGlobal
